
Microsoft Visual Studio Solution File, Format Version 12.00
# Visual Studio 15
VisualStudioVersion = 15.0.27130.2003
MinimumVisualStudioVersion = 10.0.40219.1
Project("{FAE04EC0-301F-11D3-BF4B-00C04F79EFBC}") = "TestForTopShelfAndInstaller", "TestForTopShelfAndInstaller\TestForTopShelfAndInstaller.csproj", "{257409EC-A8DA-4C7C-BE05-AC7531DD92E1}"
EndProject
Project("{FAE04EC0-301F-11D3-BF4B-00C04F79EFBC}") = "WpfApp1", "WpfApp1\WpfApp1.csproj", "{A75D42E3-61B8-4D10-A332-89E004526B38}"
EndProject
Project("{54435603-DBB4-11D2-8724-00A0C9A8B90C}") = "Setup1", "Setup1\Setup1.vdproj", "{5D8D94B6-AB32-4488-92B2-AE4E2F6B101B}"
EndProject
Project("{8BC9CEB8-8B4A-11D0-8D11-00A0C91BC942}") = "Dll1", "Dll1\Dll1.vcxproj", "{9A14F547-BFE2-460A-9B42-4BC1F7E9EF04}"
EndProject
Project("{2150E333-8FDC-42A3-9474-1A3956D46DE8}") = "Solution Items", "Solution Items", "{EB315A4A-E298-42F9-862E-FCAB5599E418}"
	ProjectSection(SolutionItems) = preProject
		readme.txt = readme.txt
	EndProjectSection
EndProject
Global
	GlobalSection(SolutionConfigurationPlatforms) = preSolution
		Debug|Any CPU = Debug|Any CPU
		Debug|x64 = Debug|x64
		Debug|x86 = Debug|x86
		Release|Any CPU = Release|Any CPU
		Release|x64 = Release|x64
		Release|x86 = Release|x86
	EndGlobalSection
	GlobalSection(ProjectConfigurationPlatforms) = postSolution
		{257409EC-A8DA-4C7C-BE05-AC7531DD92E1}.Debug|Any CPU.ActiveCfg = Debug|Any CPU
		{257409EC-A8DA-4C7C-BE05-AC7531DD92E1}.Debug|Any CPU.Build.0 = Debug|Any CPU
		{257409EC-A8DA-4C7C-BE05-AC7531DD92E1}.Debug|x64.ActiveCfg = Debug|Any CPU
		{257409EC-A8DA-4C7C-BE05-AC7531DD92E1}.Debug|x64.Build.0 = Debug|Any CPU
		{257409EC-A8DA-4C7C-BE05-AC7531DD92E1}.Debug|x86.ActiveCfg = Debug|Any CPU
		{257409EC-A8DA-4C7C-BE05-AC7531DD92E1}.Debug|x86.Build.0 = Debug|Any CPU
		{257409EC-A8DA-4C7C-BE05-AC7531DD92E1}.Release|Any CPU.ActiveCfg = Release|Any CPU
		{257409EC-A8DA-4C7C-BE05-AC7531DD92E1}.Release|Any CPU.Build.0 = Release|Any CPU
		{257409EC-A8DA-4C7C-BE05-AC7531DD92E1}.Release|x64.ActiveCfg = Release|Any CPU
		{257409EC-A8DA-4C7C-BE05-AC7531DD92E1}.Release|x64.Build.0 = Release|Any CPU
		{257409EC-A8DA-4C7C-BE05-AC7531DD92E1}.Release|x86.ActiveCfg = Release|Any CPU
		{257409EC-A8DA-4C7C-BE05-AC7531DD92E1}.Release|x86.Build.0 = Release|Any CPU
		{A75D42E3-61B8-4D10-A332-89E004526B38}.Debug|Any CPU.ActiveCfg = Debug|Any CPU
		{A75D42E3-61B8-4D10-A332-89E004526B38}.Debug|Any CPU.Build.0 = Debug|Any CPU
		{A75D42E3-61B8-4D10-A332-89E004526B38}.Debug|x64.ActiveCfg = Debug|Any CPU
		{A75D42E3-61B8-4D10-A332-89E004526B38}.Debug|x64.Build.0 = Debug|Any CPU
		{A75D42E3-61B8-4D10-A332-89E004526B38}.Debug|x86.ActiveCfg = Debug|Any CPU
		{A75D42E3-61B8-4D10-A332-89E004526B38}.Debug|x86.Build.0 = Debug|Any CPU
		{A75D42E3-61B8-4D10-A332-89E004526B38}.Release|Any CPU.ActiveCfg = Release|Any CPU
		{A75D42E3-61B8-4D10-A332-89E004526B38}.Release|Any CPU.Build.0 = Release|Any CPU
		{A75D42E3-61B8-4D10-A332-89E004526B38}.Release|x64.ActiveCfg = Release|Any CPU
		{A75D42E3-61B8-4D10-A332-89E004526B38}.Release|x64.Build.0 = Release|Any CPU
		{A75D42E3-61B8-4D10-A332-89E004526B38}.Release|x86.ActiveCfg = Release|Any CPU
		{A75D42E3-61B8-4D10-A332-89E004526B38}.Release|x86.Build.0 = Release|Any CPU
		{5D8D94B6-AB32-4488-92B2-AE4E2F6B101B}.Debug|Any CPU.ActiveCfg = Debug
		{5D8D94B6-AB32-4488-92B2-AE4E2F6B101B}.Debug|x64.ActiveCfg = Debug
		{5D8D94B6-AB32-4488-92B2-AE4E2F6B101B}.Debug|x64.Build.0 = Debug
		{5D8D94B6-AB32-4488-92B2-AE4E2F6B101B}.Debug|x86.ActiveCfg = Debug
		{5D8D94B6-AB32-4488-92B2-AE4E2F6B101B}.Debug|x86.Build.0 = Debug
		{5D8D94B6-AB32-4488-92B2-AE4E2F6B101B}.Release|Any CPU.ActiveCfg = Release
		{5D8D94B6-AB32-4488-92B2-AE4E2F6B101B}.Release|x64.ActiveCfg = Release
		{5D8D94B6-AB32-4488-92B2-AE4E2F6B101B}.Release|x64.Build.0 = Release
		{5D8D94B6-AB32-4488-92B2-AE4E2F6B101B}.Release|x86.ActiveCfg = Release
		{5D8D94B6-AB32-4488-92B2-AE4E2F6B101B}.Release|x86.Build.0 = Release
		{9A14F547-BFE2-460A-9B42-4BC1F7E9EF04}.Debug|Any CPU.ActiveCfg = Debug|Win32
		{9A14F547-BFE2-460A-9B42-4BC1F7E9EF04}.Debug|x64.ActiveCfg = Debug|x64
		{9A14F547-BFE2-460A-9B42-4BC1F7E9EF04}.Debug|x64.Build.0 = Debug|x64
		{9A14F547-BFE2-460A-9B42-4BC1F7E9EF04}.Debug|x86.ActiveCfg = Debug|Win32
		{9A14F547-BFE2-460A-9B42-4BC1F7E9EF04}.Debug|x86.Build.0 = Debug|Win32
		{9A14F547-BFE2-460A-9B42-4BC1F7E9EF04}.Release|Any CPU.ActiveCfg = Release|Win32
		{9A14F547-BFE2-460A-9B42-4BC1F7E9EF04}.Release|Any CPU.Build.0 = Release|Win32
		{9A14F547-BFE2-460A-9B42-4BC1F7E9EF04}.Release|x64.ActiveCfg = Release|x64
		{9A14F547-BFE2-460A-9B42-4BC1F7E9EF04}.Release|x64.Build.0 = Release|x64
		{9A14F547-BFE2-460A-9B42-4BC1F7E9EF04}.Release|x86.ActiveCfg = Release|Win32
		{9A14F547-BFE2-460A-9B42-4BC1F7E9EF04}.Release|x86.Build.0 = Release|Win32
	EndGlobalSection
	GlobalSection(SolutionProperties) = preSolution
		HideSolutionNode = FALSE
	EndGlobalSection
	GlobalSection(ExtensibilityGlobals) = postSolution
		SolutionGuid = {1F0FE9B0-5C37-4B44-B092-6C75A629906C}
	EndGlobalSection
EndGlobal
